
Microsoft Visual Studio Solution File, Format Version 12.00
# Visual Studio 14
VisualStudioVersion = 14.0.25123.0
MinimumVisualStudioVersion = 10.0.40219.1
Project("{8BC9CEB8-8B4A-11D0-8D11-00A0C91BC942}") = "1-Encapsulation", "1-Encapsulation\1-Encapsulation.vcxproj", "{211041AA-81B8-4A06-B31B-A2DFE4FACB8C}"
EndProject
Project("{8BC9CEB8-8B4A-11D0-8D11-00A0C91BC942}") = "2-UpdateDraw", "2-UpdateDraw\2-UpdateDraw.vcxproj", "{5C97FFC9-E8A8-40EA-8A90-08B87B82F7CC}"
EndProject
Global
	GlobalSection(SolutionConfigurationPlatforms) = preSolution
		Debug|x64 = Debug|x64
		Debug|x86 = Debug|x86
		Release|x64 = Release|x64
		Release|x86 = Release|x86
	EndGlobalSection
	GlobalSection(ProjectConfigurationPlatforms) = postSolution
		{211041AA-81B8-4A06-B31B-A2DFE4FACB8C}.Debug|x64.ActiveCfg = Debug|x64
		{211041AA-81B8-4A06-B31B-A2DFE4FACB8C}.Debug|x64.Build.0 = Debug|x64
		{211041AA-81B8-4A06-B31B-A2DFE4FACB8C}.Debug|x86.ActiveCfg = Debug|Win32
		{211041AA-81B8-4A06-B31B-A2DFE4FACB8C}.Debug|x86.Build.0 = Debug|Win32
		{211041AA-81B8-4A06-B31B-A2DFE4FACB8C}.Release|x64.ActiveCfg = Release|x64
		{211041AA-81B8-4A06-B31B-A2DFE4FACB8C}.Release|x64.Build.0 = Release|x64
		{211041AA-81B8-4A06-B31B-A2DFE4FACB8C}.Release|x86.ActiveCfg = Release|Win32
		{211041AA-81B8-4A06-B31B-A2DFE4FACB8C}.Release|x86.Build.0 = Release|Win32
		{5C97FFC9-E8A8-40EA-8A90-08B87B82F7CC}.Debug|x64.ActiveCfg = Debug|x64
		{5C97FFC9-E8A8-40EA-8A90-08B87B82F7CC}.Debug|x64.Build.0 = Debug|x64
		{5C97FFC9-E8A8-40EA-8A90-08B87B82F7CC}.Debug|x86.ActiveCfg = Debug|Win32
		{5C97FFC9-E8A8-40EA-8A90-08B87B82F7CC}.Debug|x86.Build.0 = Debug|Win32
		{5C97FFC9-E8A8-40EA-8A90-08B87B82F7CC}.Release|x64.ActiveCfg = Release|x64
		{5C97FFC9-E8A8-40EA-8A90-08B87B82F7CC}.Release|x64.Build.0 = Release|x64
		{5C97FFC9-E8A8-40EA-8A90-08B87B82F7CC}.Release|x86.ActiveCfg = Release|Win32
		{5C97FFC9-E8A8-40EA-8A90-08B87B82F7CC}.Release|x86.Build.0 = Release|Win32
	EndGlobalSection
	GlobalSection(SolutionProperties) = preSolution
		HideSolutionNode = FALSE
	EndGlobalSection
EndGlobal
